
Microsoft Visual Studio Solution File, Format Version 12.00
# Visual Studio Version 16
VisualStudioVersion = 16.0.29509.3
MinimumVisualStudioVersion = 10.0.40219.1
Project("{2150E333-8FDC-42A3-9474-1A3956D46DE8}") = "ActivityDesignerLibrary", "ActivityDesignerLibrary", "{D792BEE2-6C99-4CF3-9A60-007E77CA56C1}"
EndProject
Project("{FAE04EC0-301F-11D3-BF4B-00C04F79EFBC}") = "ApplicationActivity", "ApplicationActivity\ApplicationActivity.csproj", "{A5788DF9-2FA5-42A5-B6F0-23FC4D48924B}"
EndProject
Project("{FAE04EC0-301F-11D3-BF4B-00C04F79EFBC}") = "AttributeActivity", "AttributeActivity\AttributeActivity.csproj", "{2D418CC0-D5C5-4456-B30E-D81A7269A5FB}"
EndProject
Project("{FAE04EC0-301F-11D3-BF4B-00C04F79EFBC}") = "BrowserActivity", "BrowserActivity\BrowserActivity.csproj", "{ED764AC4-F155-4B24-9D59-9D62CFFA96C0}"
EndProject
Project("{FAE04EC0-301F-11D3-BF4B-00C04F79EFBC}") = "ClipboardActivity", "ClipboardActivity\ClipboardActivity.csproj", "{C9ED96E1-5C5F-4CF1-A4E6-32CD7BD0624A}"
EndProject
Project("{FAE04EC0-301F-11D3-BF4B-00C04F79EFBC}") = "ControlActivity", "ControlActivity\ControlActivity.csproj", "{D591D790-1907-4172-8EFA-176C35D7D5A5}"
EndProject
Project("{FAE04EC0-301F-11D3-BF4B-00C04F79EFBC}") = "DatabaseActivity", "DatabaseActivity\DatabaseActivity.csproj", "{D4B53554-8B6A-4CF9-B8C1-39C9F5508AE0}"
EndProject
Project("{FAE04EC0-301F-11D3-BF4B-00C04F79EFBC}") = "DataTableActivity", "DataTableActivity\DataTableActivity.csproj", "{FA30644E-E172-4F78-9C36-0B7632015D9E}"
EndProject
Project("{FAE04EC0-301F-11D3-BF4B-00C04F79EFBC}") = "DateTimeActivity", "DateTimeActivity\DateTimeActivity.csproj", "{AEEFED42-A5B5-43BD-8F72-41D91B122ED9}"
EndProject
Project("{FAE04EC0-301F-11D3-BF4B-00C04F79EFBC}") = "DialogActivity", "DialogActivity\DialogActivity.csproj", "{22C0DDD5-A661-414F-8AAC-703D1BCD33C1}"
EndProject
Project("{FAE04EC0-301F-11D3-BF4B-00C04F79EFBC}") = "EnvironmentActivity", "EnvironmentActivity\EnvironmentActivity.csproj", "{35AC4D25-E390-4EF8-88E9-5F0F86A8912B}"
EndProject
Project("{FAE04EC0-301F-11D3-BF4B-00C04F79EFBC}") = "EventActivity", "EventActivity\EventActivity.csproj", "{EF5B14DB-62C0-4FB3-841B-BD51BE079CA6}"
EndProject
Project("{FAE04EC0-301F-11D3-BF4B-00C04F79EFBC}") = "ExcelPlugins", "ExcelPlugins\ExcelPlugins.csproj", "{9274F86F-419A-4196-BA65-6B3221F13796}"
EndProject
Project("{FAE04EC0-301F-11D3-BF4B-00C04F79EFBC}") = "FileActivity", "FileActivity\FileActivity.csproj", "{2AEC885D-3A7A-447D-B2A2-8EA44527D451}"
EndProject
Project("{FAE04EC0-301F-11D3-BF4B-00C04F79EFBC}") = "FindActivity", "FindActivity\FindActivity.csproj", "{34E6E02B-74C3-4E48-926A-0F491216304E}"
EndProject
Project("{FAE04EC0-301F-11D3-BF4B-00C04F79EFBC}") = "FTPActivity", "FTPActivity\FTPActivity.csproj", "{DEDB7D39-F824-4EB9-8A65-4C3A2971565B}"
EndProject
Project("{FAE04EC0-301F-11D3-BF4B-00C04F79EFBC}") = "HttpServerActivity", "HttpServerActivity\HttpServerActivity.csproj", "{F893EF56-86AD-4FA0-9442-F951158BEF72}"
EndProject
Project("{FAE04EC0-301F-11D3-BF4B-00C04F79EFBC}") = "ImageOperaActivity", "ImageOperaActivity\ImageOperaActivity.csproj", "{8AE20E43-BB2F-4FD6-A708-46A467845E59}"
EndProject
Project("{FAE04EC0-301F-11D3-BF4B-00C04F79EFBC}") = "KeyboardActivity", "KeyboardActivity\KeyboardActivity.csproj", "{80A1D3C1-4030-4638-8EBC-33F78C70C906}"
EndProject
Project("{FAE04EC0-301F-11D3-BF4B-00C04F79EFBC}") = "MailActivity", "MailActivity\MailActivity.csproj", "{9D48AF76-189F-4E3F-A3EE-DF59D922037B}"
EndProject
Project("{FAE04EC0-301F-11D3-BF4B-00C04F79EFBC}") = "MouseActivity", "MouseActivity\MouseActivity.csproj", "{4D0C8911-FD98-4439-AF5E-275CABF29590}"
EndProject
Project("{FAE04EC0-301F-11D3-BF4B-00C04F79EFBC}") = "NetWorkActivity", "NetWorkActivity\NetWorkActivity.csproj", "{3031A09F-585C-4B85-876B-049EA5272414}"
EndProject
Project("{FAE04EC0-301F-11D3-BF4B-00C04F79EFBC}") = "OrchestratorActivity", "OrchestratorActivity\OrchestratorActivity.csproj", "{D236CBFE-F605-4EB0-9B8D-98B125F080A4}"
EndProject
Project("{FAE04EC0-301F-11D3-BF4B-00C04F79EFBC}") = "Plugins.Shared.Library", "Plugins.Shared.Library\Plugins.Shared.Library.csproj", "{6879C801-1124-477A-97D8-0961E6D710B2}"
EndProject
Project("{FAE04EC0-301F-11D3-BF4B-00C04F79EFBC}") = "PowerShellActivity", "PowerShellActivity\PowerShellActivity.csproj", "{333DE130-9E57-4B9E-B327-56DD30609DDB}"
EndProject
Project("{FAE04EC0-301F-11D3-BF4B-00C04F79EFBC}") = "TextActivity", "TextActivity\TextActivity.csproj", "{75205F2D-1AD9-4700-9EAF-4113262C79EE}"
EndProject
Project("{FAE04EC0-301F-11D3-BF4B-00C04F79EFBC}") = "UserEventActivity", "UserEventActivity\UserEventActivity.csproj", "{F8C1E345-4973-447D-B5BE-4A2D7C25A742}"
EndProject
Project("{FAE04EC0-301F-11D3-BF4B-00C04F79EFBC}") = "WindowActivity", "WindowActivity\WindowActivity.csproj", "{7C388101-D26D-44C6-8243-064AD75E706C}"
EndProject
Project("{FAE04EC0-301F-11D3-BF4B-00C04F79EFBC}") = "WordPlugins", "WordPlugins\WordPlugins.csproj", "{9FA9E0AD-D67E-4114-9890-5292987E2273}"
EndProject
Project("{FAE04EC0-301F-11D3-BF4B-00C04F79EFBC}") = "WorkflowUtils", "WorkflowUtils\WorkflowUtils.csproj", "{7CF00A6E-E072-42B5-85B2-AD2421934DA6}"
EndProject
Project("{FAE04EC0-301F-11D3-BF4B-00C04F79EFBC}") = "UniWorkforce", "UniWorkforce\UniWorkforce.csproj", "{E615E52F-F422-4F2F-9A7A-8C62DE908106}"
EndProject
Project("{FAE04EC0-301F-11D3-BF4B-00C04F79EFBC}") = "UniStudio", "UniStudio\UniStudio.csproj", "{F0E5495C-95E3-42F3-9553-43E6B492DA90}"
	ProjectSection(ProjectDependencies) = postProject
		{F1ED3589-3BF6-4D12-BE82-08840134003B} = {F1ED3589-3BF6-4D12-BE82-08840134003B}
	EndProjectSection
EndProject
Project("{FAE04EC0-301F-11D3-BF4B-00C04F79EFBC}") = "UniExplorer", "UniExplorer\UniExplorer.csproj", "{661C3E1B-23FE-4994-8A8E-DF24178471B2}"
EndProject
Project("{FAE04EC0-301F-11D3-BF4B-00C04F79EFBC}") = "UniExecutor", "UniExecutor\UniExecutor.csproj", "{9A550133-A01E-466E-84D7-E7DE5BEF8D4F}"
EndProject
Project("{2150E333-8FDC-42A3-9474-1A3956D46DE8}") = "UniExecutor", "UniExecutor", "{62108926-DBB1-49F2-BB56-1212167FF86F}"
EndProject
Project("{FAE04EC0-301F-11D3-BF4B-00C04F79EFBC}") = "UniExecutor.Core", "UniExecutor.Core\UniExecutor.Core.csproj", "{0304C62C-2598-4FF9-B674-4F5E21543BA4}"
EndProject
Project("{FAE04EC0-301F-11D3-BF4B-00C04F79EFBC}") = "UniExecutor.Proxy", "UniExecutor.Proxy\UniExecutor.Proxy.csproj", "{BDE75C50-D83E-431B-A0AE-AD02B5579221}"
EndProject
Project("{FAE04EC0-301F-11D3-BF4B-00C04F79EFBC}") = "UniNamedPipe", "UniNamedPipe\UniNamedPipe.csproj", "{9BE457F1-327B-4EA3-B1BF-D6D78CF2CF15}"
EndProject
Project("{FAE04EC0-301F-11D3-BF4B-00C04F79EFBC}") = "UniBrowserHost", "UniBrowserHost\UniBrowserHost.csproj", "{F1ED3589-3BF6-4D12-BE82-08840134003B}"
EndProject
Project("{FAE04EC0-301F-11D3-BF4B-00C04F79EFBC}") = "AIActivity", "AIActivity\AIActivity.csproj", "{9C550FF0-A18A-4882-8FFC-13AA9E6D6A25}"
EndProject
Project("{FAE04EC0-301F-11D3-BF4B-00C04F79EFBC}") = "UniExecutor.Service.Interface", "UniExecutor.Service.Interface\UniExecutor.Service.Interface.csproj", "{C260A511-CF99-4819-8E0E-E3236866C9BF}"
EndProject
Project("{FAE04EC0-301F-11D3-BF4B-00C04F79EFBC}") = "UniWorkforce.Process.Core", "UniWorkforce.Process\UniWorkforce.Process.Core.csproj", "{C6428F6E-0D14-4243-8ABB-316674C40041}"
EndProject
Project("{2150E333-8FDC-42A3-9474-1A3956D46DE8}") = "Solution Items", "Solution Items", "{9A62A250-87A9-424A-83C8-12AE37A86AB9}"
	ProjectSection(SolutionItems) = preProject
		.editorconfig = .editorconfig
	EndProjectSection
EndProject
Project("{FAE04EC0-301F-11D3-BF4B-00C04F79EFBC}") = "UniMonitorWorkforce", "UniMonitorWorkforce\UniMonitorWorkforce.csproj", "{DBE84E81-0393-4866-8A41-21E62CEC1226}"
EndProject
Project("{FAE04EC0-301F-11D3-BF4B-00C04F79EFBC}") = "UniStudio.Community", "UniStudio.Community\UniStudio.Community.csproj", "{23DF4F2F-0CF1-4992-BF70-385F173E7519}"
EndProject
Project("{FAE04EC0-301F-11D3-BF4B-00C04F79EFBC}") = "UniUpdater", "UniUpdater\UniUpdater.csproj", "{180B25EE-96A7-436A-8FA1-3E99DDDD5B26}"
EndProject
Project("{FAE04EC0-301F-11D3-BF4B-00C04F79EFBC}") = "UniUpdater.Core", "UniUpdater.Core\UniUpdater.Core.csproj", "{62530609-453B-4789-8628-DE84D57C22A9}"
EndProject
Project("{FAE04EC0-301F-11D3-BF4B-00C04F79EFBC}") = "UniCompiler", "UniCompiler\UniCompiler.csproj", "{37357CF8-0EF9-44F3-B663-3659DD6ABD96}"
EndProject
Project("{2150E333-8FDC-42A3-9474-1A3956D46DE8}") = "UniGenerateWorkflow", "UniGenerateWorkflow", "{BBBDF65A-4DC2-4F84-88B6-4A33C0DBAEB4}"
EndProject
Project("{FAE04EC0-301F-11D3-BF4B-00C04F79EFBC}") = "UniGenerateWorkflow.Core", "UniGenerateWorkflow.Core\UniGenerateWorkflow.Core.csproj", "{D4861AD0-0037-4C40-A076-B1C7FBD91403}"
EndProject
Project("{FAE04EC0-301F-11D3-BF4B-00C04F79EFBC}") = "UniGenerateWorkflow.Common", "UniGenerateWorkflow.Common\UniGenerateWorkflow.Common.csproj", "{43D95A3A-CEC7-4E0D-83CF-DC5E3BA42078}"
EndProject
Project("{FAE04EC0-301F-11D3-BF4B-00C04F79EFBC}") = "UniGenerateWorkflow.Entity", "UniGenerateWorkflow.Entity\UniGenerateWorkflow.Entity.csproj", "{38DBFDDC-1454-41D4-94DF-213A8C0CB4C5}"
EndProject
Project("{FAE04EC0-301F-11D3-BF4B-00C04F79EFBC}") = "UniGenerateWorkflow.GenerateWorkflow", "UniGenerateWorkflow.GenerateWorkflow\UniGenerateWorkflow.GenerateWorkflow.csproj", "{F8D5DF27-DD78-4E14-BE69-E06B9FFD5D89}"
EndProject
Project("{FAE04EC0-301F-11D3-BF4B-00C04F79EFBC}") = "DesignLibrary", "DesignLibrary\DesignLibrary.csproj", "{A6346AB7-1F27-4FDE-A3C5-BC1D9DFC5A9E}"
EndProject
Global
	GlobalSection(SolutionConfigurationPlatforms) = preSolution
		Debug|Any CPU = Debug|Any CPU
		Debug|x86 = Debug|x86
		Release|Any CPU = Release|Any CPU
		Release|x86 = Release|x86
	EndGlobalSection
	GlobalSection(ProjectConfigurationPlatforms) = postSolution
		{A5788DF9-2FA5-42A5-B6F0-23FC4D48924B}.Debug|Any CPU.ActiveCfg = Debug|Any CPU
		{A5788DF9-2FA5-42A5-B6F0-23FC4D48924B}.Debug|Any CPU.Build.0 = Debug|Any CPU
		{A5788DF9-2FA5-42A5-B6F0-23FC4D48924B}.Debug|x86.ActiveCfg = Debug|Any CPU
		{A5788DF9-2FA5-42A5-B6F0-23FC4D48924B}.Debug|x86.Build.0 = Debug|Any CPU
		{A5788DF9-2FA5-42A5-B6F0-23FC4D48924B}.Release|Any CPU.ActiveCfg = Release|Any CPU
		{A5788DF9-2FA5-42A5-B6F0-23FC4D48924B}.Release|Any CPU.Build.0 = Release|Any CPU
		{A5788DF9-2FA5-42A5-B6F0-23FC4D48924B}.Release|x86.ActiveCfg = Release|Any CPU
		{A5788DF9-2FA5-42A5-B6F0-23FC4D48924B}.Release|x86.Build.0 = Release|Any CPU
		{2D418CC0-D5C5-4456-B30E-D81A7269A5FB}.Debug|Any CPU.ActiveCfg = Debug|Any CPU
		{2D418CC0-D5C5-4456-B30E-D81A7269A5FB}.Debug|Any CPU.Build.0 = Debug|Any CPU
		{2D418CC0-D5C5-4456-B30E-D81A7269A5FB}.Debug|x86.ActiveCfg = Debug|Any CPU
		{2D418CC0-D5C5-4456-B30E-D81A7269A5FB}.Debug|x86.Build.0 = Debug|Any CPU
		{2D418CC0-D5C5-4456-B30E-D81A7269A5FB}.Release|Any CPU.ActiveCfg = Release|Any CPU
		{2D418CC0-D5C5-4456-B30E-D81A7269A5FB}.Release|Any CPU.Build.0 = Release|Any CPU
		{2D418CC0-D5C5-4456-B30E-D81A7269A5FB}.Release|x86.ActiveCfg = Release|Any CPU
		{2D418CC0-D5C5-4456-B30E-D81A7269A5FB}.Release|x86.Build.0 = Release|Any CPU
		{ED764AC4-F155-4B24-9D59-9D62CFFA96C0}.Debug|Any CPU.ActiveCfg = Debug|Any CPU
		{ED764AC4-F155-4B24-9D59-9D62CFFA96C0}.Debug|Any CPU.Build.0 = Debug|Any CPU
		{ED764AC4-F155-4B24-9D59-9D62CFFA96C0}.Debug|x86.ActiveCfg = Debug|Any CPU
		{ED764AC4-F155-4B24-9D59-9D62CFFA96C0}.Debug|x86.Build.0 = Debug|Any CPU
		{ED764AC4-F155-4B24-9D59-9D62CFFA96C0}.Release|Any CPU.ActiveCfg = Release|Any CPU
		{ED764AC4-F155-4B24-9D59-9D62CFFA96C0}.Release|Any CPU.Build.0 = Release|Any CPU
		{ED764AC4-F155-4B24-9D59-9D62CFFA96C0}.Release|x86.ActiveCfg = Release|Any CPU
		{ED764AC4-F155-4B24-9D59-9D62CFFA96C0}.Release|x86.Build.0 = Release|Any CPU
		{C9ED96E1-5C5F-4CF1-A4E6-32CD7BD0624A}.Debug|Any CPU.ActiveCfg = Debug|Any CPU
		{C9ED96E1-5C5F-4CF1-A4E6-32CD7BD0624A}.Debug|Any CPU.Build.0 = Debug|Any CPU
		{C9ED96E1-5C5F-4CF1-A4E6-32CD7BD0624A}.Debug|x86.ActiveCfg = Debug|Any CPU
		{C9ED96E1-5C5F-4CF1-A4E6-32CD7BD0624A}.Debug|x86.Build.0 = Debug|Any CPU
		{C9ED96E1-5C5F-4CF1-A4E6-32CD7BD0624A}.Release|Any CPU.ActiveCfg = Release|Any CPU
		{C9ED96E1-5C5F-4CF1-A4E6-32CD7BD0624A}.Release|Any CPU.Build.0 = Release|Any CPU
		{C9ED96E1-5C5F-4CF1-A4E6-32CD7BD0624A}.Release|x86.ActiveCfg = Release|Any CPU
		{C9ED96E1-5C5F-4CF1-A4E6-32CD7BD0624A}.Release|x86.Build.0 = Release|Any CPU
		{D591D790-1907-4172-8EFA-176C35D7D5A5}.Debug|Any CPU.ActiveCfg = Debug|Any CPU
		{D591D790-1907-4172-8EFA-176C35D7D5A5}.Debug|Any CPU.Build.0 = Debug|Any CPU
		{D591D790-1907-4172-8EFA-176C35D7D5A5}.Debug|x86.ActiveCfg = Debug|Any CPU
		{D591D790-1907-4172-8EFA-176C35D7D5A5}.Debug|x86.Build.0 = Debug|Any CPU
		{D591D790-1907-4172-8EFA-176C35D7D5A5}.Release|Any CPU.ActiveCfg = Release|Any CPU
		{D591D790-1907-4172-8EFA-176C35D7D5A5}.Release|Any CPU.Build.0 = Release|Any CPU
		{D591D790-1907-4172-8EFA-176C35D7D5A5}.Release|x86.ActiveCfg = Release|Any CPU
		{D591D790-1907-4172-8EFA-176C35D7D5A5}.Release|x86.Build.0 = Release|Any CPU
		{D4B53554-8B6A-4CF9-B8C1-39C9F5508AE0}.Debug|Any CPU.ActiveCfg = Debug|Any CPU
		{D4B53554-8B6A-4CF9-B8C1-39C9F5508AE0}.Debug|Any CPU.Build.0 = Debug|Any CPU
		{D4B53554-8B6A-4CF9-B8C1-39C9F5508AE0}.Debug|x86.ActiveCfg = Debug|Any CPU
		{D4B53554-8B6A-4CF9-B8C1-39C9F5508AE0}.Debug|x86.Build.0 = Debug|Any CPU
		{D4B53554-8B6A-4CF9-B8C1-39C9F5508AE0}.Release|Any CPU.ActiveCfg = Release|Any CPU
		{D4B53554-8B6A-4CF9-B8C1-39C9F5508AE0}.Release|Any CPU.Build.0 = Release|Any CPU
		{D4B53554-8B6A-4CF9-B8C1-39C9F5508AE0}.Release|x86.ActiveCfg = Release|Any CPU
		{D4B53554-8B6A-4CF9-B8C1-39C9F5508AE0}.Release|x86.Build.0 = Release|Any CPU
		{FA30644E-E172-4F78-9C36-0B7632015D9E}.Debug|Any CPU.ActiveCfg = Debug|Any CPU
		{FA30644E-E172-4F78-9C36-0B7632015D9E}.Debug|Any CPU.Build.0 = Debug|Any CPU
		{FA30644E-E172-4F78-9C36-0B7632015D9E}.Debug|x86.ActiveCfg = Debug|Any CPU
		{FA30644E-E172-4F78-9C36-0B7632015D9E}.Debug|x86.Build.0 = Debug|Any CPU
		{FA30644E-E172-4F78-9C36-0B7632015D9E}.Release|Any CPU.ActiveCfg = Release|Any CPU
		{FA30644E-E172-4F78-9C36-0B7632015D9E}.Release|Any CPU.Build.0 = Release|Any CPU
		{FA30644E-E172-4F78-9C36-0B7632015D9E}.Release|x86.ActiveCfg = Release|Any CPU
		{FA30644E-E172-4F78-9C36-0B7632015D9E}.Release|x86.Build.0 = Release|Any CPU
		{AEEFED42-A5B5-43BD-8F72-41D91B122ED9}.Debug|Any CPU.ActiveCfg = Debug|Any CPU
		{AEEFED42-A5B5-43BD-8F72-41D91B122ED9}.Debug|Any CPU.Build.0 = Debug|Any CPU
		{AEEFED42-A5B5-43BD-8F72-41D91B122ED9}.Debug|x86.ActiveCfg = Debug|Any CPU
		{AEEFED42-A5B5-43BD-8F72-41D91B122ED9}.Debug|x86.Build.0 = Debug|Any CPU
		{AEEFED42-A5B5-43BD-8F72-41D91B122ED9}.Release|Any CPU.ActiveCfg = Release|Any CPU
		{AEEFED42-A5B5-43BD-8F72-41D91B122ED9}.Release|Any CPU.Build.0 = Release|Any CPU
		{AEEFED42-A5B5-43BD-8F72-41D91B122ED9}.Release|x86.ActiveCfg = Release|Any CPU
		{AEEFED42-A5B5-43BD-8F72-41D91B122ED9}.Release|x86.Build.0 = Release|Any CPU
		{22C0DDD5-A661-414F-8AAC-703D1BCD33C1}.Debug|Any CPU.ActiveCfg = Debug|Any CPU
		{22C0DDD5-A661-414F-8AAC-703D1BCD33C1}.Debug|Any CPU.Build.0 = Debug|Any CPU
		{22C0DDD5-A661-414F-8AAC-703D1BCD33C1}.Debug|x86.ActiveCfg = Debug|Any CPU
		{22C0DDD5-A661-414F-8AAC-703D1BCD33C1}.Debug|x86.Build.0 = Debug|Any CPU
		{22C0DDD5-A661-414F-8AAC-703D1BCD33C1}.Release|Any CPU.ActiveCfg = Release|Any CPU
		{22C0DDD5-A661-414F-8AAC-703D1BCD33C1}.Release|Any CPU.Build.0 = Release|Any CPU
		{22C0DDD5-A661-414F-8AAC-703D1BCD33C1}.Release|x86.ActiveCfg = Release|Any CPU
		{22C0DDD5-A661-414F-8AAC-703D1BCD33C1}.Release|x86.Build.0 = Release|Any CPU
		{35AC4D25-E390-4EF8-88E9-5F0F86A8912B}.Debug|Any CPU.ActiveCfg = Debug|Any CPU
		{35AC4D25-E390-4EF8-88E9-5F0F86A8912B}.Debug|Any CPU.Build.0 = Debug|Any CPU
		{35AC4D25-E390-4EF8-88E9-5F0F86A8912B}.Debug|x86.ActiveCfg = Debug|Any CPU
		{35AC4D25-E390-4EF8-88E9-5F0F86A8912B}.Debug|x86.Build.0 = Debug|Any CPU
		{35AC4D25-E390-4EF8-88E9-5F0F86A8912B}.Release|Any CPU.ActiveCfg = Release|Any CPU
		{35AC4D25-E390-4EF8-88E9-5F0F86A8912B}.Release|Any CPU.Build.0 = Release|Any CPU
		{35AC4D25-E390-4EF8-88E9-5F0F86A8912B}.Release|x86.ActiveCfg = Release|Any CPU
		{35AC4D25-E390-4EF8-88E9-5F0F86A8912B}.Release|x86.Build.0 = Release|Any CPU
		{EF5B14DB-62C0-4FB3-841B-BD51BE079CA6}.Debug|Any CPU.ActiveCfg = Debug|Any CPU
		{EF5B14DB-62C0-4FB3-841B-BD51BE079CA6}.Debug|Any CPU.Build.0 = Debug|Any CPU
		{EF5B14DB-62C0-4FB3-841B-BD51BE079CA6}.Debug|x86.ActiveCfg = Debug|Any CPU
		{EF5B14DB-62C0-4FB3-841B-BD51BE079CA6}.Debug|x86.Build.0 = Debug|Any CPU
		{EF5B14DB-62C0-4FB3-841B-BD51BE079CA6}.Release|Any CPU.ActiveCfg = Release|Any CPU
		{EF5B14DB-62C0-4FB3-841B-BD51BE079CA6}.Release|Any CPU.Build.0 = Release|Any CPU
		{EF5B14DB-62C0-4FB3-841B-BD51BE079CA6}.Release|x86.ActiveCfg = Release|Any CPU
		{EF5B14DB-62C0-4FB3-841B-BD51BE079CA6}.Release|x86.Build.0 = Release|Any CPU
		{9274F86F-419A-4196-BA65-6B3221F13796}.Debug|Any CPU.ActiveCfg = Debug|Any CPU
		{9274F86F-419A-4196-BA65-6B3221F13796}.Debug|Any CPU.Build.0 = Debug|Any CPU
		{9274F86F-419A-4196-BA65-6B3221F13796}.Debug|x86.ActiveCfg = Debug|Any CPU
		{9274F86F-419A-4196-BA65-6B3221F13796}.Debug|x86.Build.0 = Debug|Any CPU
		{9274F86F-419A-4196-BA65-6B3221F13796}.Release|Any CPU.ActiveCfg = Release|Any CPU
		{9274F86F-419A-4196-BA65-6B3221F13796}.Release|Any CPU.Build.0 = Release|Any CPU
		{9274F86F-419A-4196-BA65-6B3221F13796}.Release|x86.ActiveCfg = Release|Any CPU
		{9274F86F-419A-4196-BA65-6B3221F13796}.Release|x86.Build.0 = Release|Any CPU
		{2AEC885D-3A7A-447D-B2A2-8EA44527D451}.Debug|Any CPU.ActiveCfg = Debug|Any CPU
		{2AEC885D-3A7A-447D-B2A2-8EA44527D451}.Debug|Any CPU.Build.0 = Debug|Any CPU
		{2AEC885D-3A7A-447D-B2A2-8EA44527D451}.Debug|x86.ActiveCfg = Debug|Any CPU
		{2AEC885D-3A7A-447D-B2A2-8EA44527D451}.Debug|x86.Build.0 = Debug|Any CPU
		{2AEC885D-3A7A-447D-B2A2-8EA44527D451}.Release|Any CPU.ActiveCfg = Release|Any CPU
		{2AEC885D-3A7A-447D-B2A2-8EA44527D451}.Release|Any CPU.Build.0 = Release|Any CPU
		{2AEC885D-3A7A-447D-B2A2-8EA44527D451}.Release|x86.ActiveCfg = Release|Any CPU
		{2AEC885D-3A7A-447D-B2A2-8EA44527D451}.Release|x86.Build.0 = Release|Any CPU
		{34E6E02B-74C3-4E48-926A-0F491216304E}.Debug|Any CPU.ActiveCfg = Debug|Any CPU
		{34E6E02B-74C3-4E48-926A-0F491216304E}.Debug|Any CPU.Build.0 = Debug|Any CPU
		{34E6E02B-74C3-4E48-926A-0F491216304E}.Debug|x86.ActiveCfg = Debug|Any CPU
		{34E6E02B-74C3-4E48-926A-0F491216304E}.Debug|x86.Build.0 = Debug|Any CPU
		{34E6E02B-74C3-4E48-926A-0F491216304E}.Release|Any CPU.ActiveCfg = Release|Any CPU
		{34E6E02B-74C3-4E48-926A-0F491216304E}.Release|Any CPU.Build.0 = Release|Any CPU
		{34E6E02B-74C3-4E48-926A-0F491216304E}.Release|x86.ActiveCfg = Release|Any CPU
		{34E6E02B-74C3-4E48-926A-0F491216304E}.Release|x86.Build.0 = Release|Any CPU
		{DEDB7D39-F824-4EB9-8A65-4C3A2971565B}.Debug|Any CPU.ActiveCfg = Debug|Any CPU
		{DEDB7D39-F824-4EB9-8A65-4C3A2971565B}.Debug|Any CPU.Build.0 = Debug|Any CPU
		{DEDB7D39-F824-4EB9-8A65-4C3A2971565B}.Debug|x86.ActiveCfg = Debug|Any CPU
		{DEDB7D39-F824-4EB9-8A65-4C3A2971565B}.Debug|x86.Build.0 = Debug|Any CPU
		{DEDB7D39-F824-4EB9-8A65-4C3A2971565B}.Release|Any CPU.ActiveCfg = Release|Any CPU
		{DEDB7D39-F824-4EB9-8A65-4C3A2971565B}.Release|Any CPU.Build.0 = Release|Any CPU
		{DEDB7D39-F824-4EB9-8A65-4C3A2971565B}.Release|x86.ActiveCfg = Release|Any CPU
		{DEDB7D39-F824-4EB9-8A65-4C3A2971565B}.Release|x86.Build.0 = Release|Any CPU
		{F893EF56-86AD-4FA0-9442-F951158BEF72}.Debug|Any CPU.ActiveCfg = Debug|Any CPU
		{F893EF56-86AD-4FA0-9442-F951158BEF72}.Debug|Any CPU.Build.0 = Debug|Any CPU
		{F893EF56-86AD-4FA0-9442-F951158BEF72}.Debug|x86.ActiveCfg = Debug|Any CPU
		{F893EF56-86AD-4FA0-9442-F951158BEF72}.Debug|x86.Build.0 = Debug|Any CPU
		{F893EF56-86AD-4FA0-9442-F951158BEF72}.Release|Any CPU.ActiveCfg = Release|Any CPU
		{F893EF56-86AD-4FA0-9442-F951158BEF72}.Release|Any CPU.Build.0 = Release|Any CPU
		{F893EF56-86AD-4FA0-9442-F951158BEF72}.Release|x86.ActiveCfg = Release|Any CPU
		{F893EF56-86AD-4FA0-9442-F951158BEF72}.Release|x86.Build.0 = Release|Any CPU
		{8AE20E43-BB2F-4FD6-A708-46A467845E59}.Debug|Any CPU.ActiveCfg = Debug|Any CPU
		{8AE20E43-BB2F-4FD6-A708-46A467845E59}.Debug|Any CPU.Build.0 = Debug|Any CPU
		{8AE20E43-BB2F-4FD6-A708-46A467845E59}.Debug|x86.ActiveCfg = Debug|Any CPU
		{8AE20E43-BB2F-4FD6-A708-46A467845E59}.Debug|x86.Build.0 = Debug|Any CPU
		{8AE20E43-BB2F-4FD6-A708-46A467845E59}.Release|Any CPU.ActiveCfg = Release|Any CPU
		{8AE20E43-BB2F-4FD6-A708-46A467845E59}.Release|Any CPU.Build.0 = Release|Any CPU
		{8AE20E43-BB2F-4FD6-A708-46A467845E59}.Release|x86.ActiveCfg = Release|Any CPU
		{8AE20E43-BB2F-4FD6-A708-46A467845E59}.Release|x86.Build.0 = Release|Any CPU
		{80A1D3C1-4030-4638-8EBC-33F78C70C906}.Debug|Any CPU.ActiveCfg = Debug|Any CPU
		{80A1D3C1-4030-4638-8EBC-33F78C70C906}.Debug|Any CPU.Build.0 = Debug|Any CPU
		{80A1D3C1-4030-4638-8EBC-33F78C70C906}.Debug|x86.ActiveCfg = Debug|Any CPU
		{80A1D3C1-4030-4638-8EBC-33F78C70C906}.Debug|x86.Build.0 = Debug|Any CPU
		{80A1D3C1-4030-4638-8EBC-33F78C70C906}.Release|Any CPU.ActiveCfg = Release|Any CPU
		{80A1D3C1-4030-4638-8EBC-33F78C70C906}.Release|Any CPU.Build.0 = Release|Any CPU
		{80A1D3C1-4030-4638-8EBC-33F78C70C906}.Release|x86.ActiveCfg = Release|Any CPU
		{80A1D3C1-4030-4638-8EBC-33F78C70C906}.Release|x86.Build.0 = Release|Any CPU
		{9D48AF76-189F-4E3F-A3EE-DF59D922037B}.Debug|Any CPU.ActiveCfg = Debug|Any CPU
		{9D48AF76-189F-4E3F-A3EE-DF59D922037B}.Debug|Any CPU.Build.0 = Debug|Any CPU
		{9D48AF76-189F-4E3F-A3EE-DF59D922037B}.Debug|x86.ActiveCfg = Debug|Any CPU
		{9D48AF76-189F-4E3F-A3EE-DF59D922037B}.Debug|x86.Build.0 = Debug|Any CPU
		{9D48AF76-189F-4E3F-A3EE-DF59D922037B}.Release|Any CPU.ActiveCfg = Release|Any CPU
		{9D48AF76-189F-4E3F-A3EE-DF59D922037B}.Release|Any CPU.Build.0 = Release|Any CPU
		{9D48AF76-189F-4E3F-A3EE-DF59D922037B}.Release|x86.ActiveCfg = Release|Any CPU
		{9D48AF76-189F-4E3F-A3EE-DF59D922037B}.Release|x86.Build.0 = Release|Any CPU
		{4D0C8911-FD98-4439-AF5E-275CABF29590}.Debug|Any CPU.ActiveCfg = Debug|Any CPU
		{4D0C8911-FD98-4439-AF5E-275CABF29590}.Debug|Any CPU.Build.0 = Debug|Any CPU
		{4D0C8911-FD98-4439-AF5E-275CABF29590}.Debug|x86.ActiveCfg = Debug|Any CPU
		{4D0C8911-FD98-4439-AF5E-275CABF29590}.Debug|x86.Build.0 = Debug|Any CPU
		{4D0C8911-FD98-4439-AF5E-275CABF29590}.Release|Any CPU.ActiveCfg = Release|Any CPU
		{4D0C8911-FD98-4439-AF5E-275CABF29590}.Release|Any CPU.Build.0 = Release|Any CPU
		{4D0C8911-FD98-4439-AF5E-275CABF29590}.Release|x86.ActiveCfg = Release|Any CPU
		{4D0C8911-FD98-4439-AF5E-275CABF29590}.Release|x86.Build.0 = Release|Any CPU
		{3031A09F-585C-4B85-876B-049EA5272414}.Debug|Any CPU.ActiveCfg = Debug|Any CPU
		{3031A09F-585C-4B85-876B-049EA5272414}.Debug|Any CPU.Build.0 = Debug|Any CPU
		{3031A09F-585C-4B85-876B-049EA5272414}.Debug|x86.ActiveCfg = Debug|Any CPU
		{3031A09F-585C-4B85-876B-049EA5272414}.Debug|x86.Build.0 = Debug|Any CPU
		{3031A09F-585C-4B85-876B-049EA5272414}.Release|Any CPU.ActiveCfg = Release|Any CPU
		{3031A09F-585C-4B85-876B-049EA5272414}.Release|Any CPU.Build.0 = Release|Any CPU
		{3031A09F-585C-4B85-876B-049EA5272414}.Release|x86.ActiveCfg = Release|Any CPU
		{3031A09F-585C-4B85-876B-049EA5272414}.Release|x86.Build.0 = Release|Any CPU
		{D236CBFE-F605-4EB0-9B8D-98B125F080A4}.Debug|Any CPU.ActiveCfg = Debug|Any CPU
		{D236CBFE-F605-4EB0-9B8D-98B125F080A4}.Debug|Any CPU.Build.0 = Debug|Any CPU
		{D236CBFE-F605-4EB0-9B8D-98B125F080A4}.Debug|x86.ActiveCfg = Debug|Any CPU
		{D236CBFE-F605-4EB0-9B8D-98B125F080A4}.Debug|x86.Build.0 = Debug|Any CPU
		{D236CBFE-F605-4EB0-9B8D-98B125F080A4}.Release|Any CPU.ActiveCfg = Release|Any CPU
		{D236CBFE-F605-4EB0-9B8D-98B125F080A4}.Release|Any CPU.Build.0 = Release|Any CPU
		{D236CBFE-F605-4EB0-9B8D-98B125F080A4}.Release|x86.ActiveCfg = Release|Any CPU
		{D236CBFE-F605-4EB0-9B8D-98B125F080A4}.Release|x86.Build.0 = Release|Any CPU
		{6879C801-1124-477A-97D8-0961E6D710B2}.Debug|Any CPU.ActiveCfg = Debug|Any CPU
		{6879C801-1124-477A-97D8-0961E6D710B2}.Debug|Any CPU.Build.0 = Debug|Any CPU
		{6879C801-1124-477A-97D8-0961E6D710B2}.Debug|x86.ActiveCfg = Debug|Any CPU
		{6879C801-1124-477A-97D8-0961E6D710B2}.Debug|x86.Build.0 = Debug|Any CPU
		{6879C801-1124-477A-97D8-0961E6D710B2}.Release|Any CPU.ActiveCfg = Release|Any CPU
		{6879C801-1124-477A-97D8-0961E6D710B2}.Release|Any CPU.Build.0 = Release|Any CPU
		{6879C801-1124-477A-97D8-0961E6D710B2}.Release|x86.ActiveCfg = Release|Any CPU
		{6879C801-1124-477A-97D8-0961E6D710B2}.Release|x86.Build.0 = Release|Any CPU
		{333DE130-9E57-4B9E-B327-56DD30609DDB}.Debug|Any CPU.ActiveCfg = Debug|Any CPU
		{333DE130-9E57-4B9E-B327-56DD30609DDB}.Debug|Any CPU.Build.0 = Debug|Any CPU
		{333DE130-9E57-4B9E-B327-56DD30609DDB}.Debug|x86.ActiveCfg = Debug|Any CPU
		{333DE130-9E57-4B9E-B327-56DD30609DDB}.Debug|x86.Build.0 = Debug|Any CPU
		{333DE130-9E57-4B9E-B327-56DD30609DDB}.Release|Any CPU.ActiveCfg = Release|Any CPU
		{333DE130-9E57-4B9E-B327-56DD30609DDB}.Release|Any CPU.Build.0 = Release|Any CPU
		{333DE130-9E57-4B9E-B327-56DD30609DDB}.Release|x86.ActiveCfg = Release|Any CPU
		{333DE130-9E57-4B9E-B327-56DD30609DDB}.Release|x86.Build.0 = Release|Any CPU
		{75205F2D-1AD9-4700-9EAF-4113262C79EE}.Debug|Any CPU.ActiveCfg = Debug|Any CPU
		{75205F2D-1AD9-4700-9EAF-4113262C79EE}.Debug|Any CPU.Build.0 = Debug|Any CPU
		{75205F2D-1AD9-4700-9EAF-4113262C79EE}.Debug|x86.ActiveCfg = Debug|Any CPU
		{75205F2D-1AD9-4700-9EAF-4113262C79EE}.Debug|x86.Build.0 = Debug|Any CPU
		{75205F2D-1AD9-4700-9EAF-4113262C79EE}.Release|Any CPU.ActiveCfg = Release|Any CPU
		{75205F2D-1AD9-4700-9EAF-4113262C79EE}.Release|Any CPU.Build.0 = Release|Any CPU
		{75205F2D-1AD9-4700-9EAF-4113262C79EE}.Release|x86.ActiveCfg = Release|Any CPU
		{75205F2D-1AD9-4700-9EAF-4113262C79EE}.Release|x86.Build.0 = Release|Any CPU
		{F8C1E345-4973-447D-B5BE-4A2D7C25A742}.Debug|Any CPU.ActiveCfg = Debug|Any CPU
		{F8C1E345-4973-447D-B5BE-4A2D7C25A742}.Debug|Any CPU.Build.0 = Debug|Any CPU
		{F8C1E345-4973-447D-B5BE-4A2D7C25A742}.Debug|x86.ActiveCfg = Debug|Any CPU
		{F8C1E345-4973-447D-B5BE-4A2D7C25A742}.Debug|x86.Build.0 = Debug|Any CPU
		{F8C1E345-4973-447D-B5BE-4A2D7C25A742}.Release|Any CPU.ActiveCfg = Release|Any CPU
		{F8C1E345-4973-447D-B5BE-4A2D7C25A742}.Release|Any CPU.Build.0 = Release|Any CPU
		{F8C1E345-4973-447D-B5BE-4A2D7C25A742}.Release|x86.ActiveCfg = Release|Any CPU
		{F8C1E345-4973-447D-B5BE-4A2D7C25A742}.Release|x86.Build.0 = Release|Any CPU
		{7C388101-D26D-44C6-8243-064AD75E706C}.Debug|Any CPU.ActiveCfg = Debug|Any CPU
		{7C388101-D26D-44C6-8243-064AD75E706C}.Debug|Any CPU.Build.0 = Debug|Any CPU
		{7C388101-D26D-44C6-8243-064AD75E706C}.Debug|x86.ActiveCfg = Debug|Any CPU
		{7C388101-D26D-44C6-8243-064AD75E706C}.Debug|x86.Build.0 = Debug|Any CPU
		{7C388101-D26D-44C6-8243-064AD75E706C}.Release|Any CPU.ActiveCfg = Release|Any CPU
		{7C388101-D26D-44C6-8243-064AD75E706C}.Release|Any CPU.Build.0 = Release|Any CPU
		{7C388101-D26D-44C6-8243-064AD75E706C}.Release|x86.ActiveCfg = Release|Any CPU
		{7C388101-D26D-44C6-8243-064AD75E706C}.Release|x86.Build.0 = Release|Any CPU
		{9FA9E0AD-D67E-4114-9890-5292987E2273}.Debug|Any CPU.ActiveCfg = Debug|Any CPU
		{9FA9E0AD-D67E-4114-9890-5292987E2273}.Debug|Any CPU.Build.0 = Debug|Any CPU
		{9FA9E0AD-D67E-4114-9890-5292987E2273}.Debug|x86.ActiveCfg = Debug|Any CPU
		{9FA9E0AD-D67E-4114-9890-5292987E2273}.Debug|x86.Build.0 = Debug|Any CPU
		{9FA9E0AD-D67E-4114-9890-5292987E2273}.Release|Any CPU.ActiveCfg = Release|Any CPU
		{9FA9E0AD-D67E-4114-9890-5292987E2273}.Release|Any CPU.Build.0 = Release|Any CPU
		{9FA9E0AD-D67E-4114-9890-5292987E2273}.Release|x86.ActiveCfg = Release|Any CPU
		{9FA9E0AD-D67E-4114-9890-5292987E2273}.Release|x86.Build.0 = Release|Any CPU
		{7CF00A6E-E072-42B5-85B2-AD2421934DA6}.Debug|Any CPU.ActiveCfg = Debug|Any CPU
		{7CF00A6E-E072-42B5-85B2-AD2421934DA6}.Debug|Any CPU.Build.0 = Debug|Any CPU
		{7CF00A6E-E072-42B5-85B2-AD2421934DA6}.Debug|x86.ActiveCfg = Debug|Any CPU
		{7CF00A6E-E072-42B5-85B2-AD2421934DA6}.Debug|x86.Build.0 = Debug|Any CPU
		{7CF00A6E-E072-42B5-85B2-AD2421934DA6}.Release|Any CPU.ActiveCfg = Release|Any CPU
		{7CF00A6E-E072-42B5-85B2-AD2421934DA6}.Release|Any CPU.Build.0 = Release|Any CPU
		{7CF00A6E-E072-42B5-85B2-AD2421934DA6}.Release|x86.ActiveCfg = Release|Any CPU
		{7CF00A6E-E072-42B5-85B2-AD2421934DA6}.Release|x86.Build.0 = Release|Any CPU
		{E615E52F-F422-4F2F-9A7A-8C62DE908106}.Debug|Any CPU.ActiveCfg = Debug|Any CPU
		{E615E52F-F422-4F2F-9A7A-8C62DE908106}.Debug|Any CPU.Build.0 = Debug|Any CPU
		{E615E52F-F422-4F2F-9A7A-8C62DE908106}.Debug|x86.ActiveCfg = Debug|Any CPU
		{E615E52F-F422-4F2F-9A7A-8C62DE908106}.Debug|x86.Build.0 = Debug|Any CPU
		{E615E52F-F422-4F2F-9A7A-8C62DE908106}.Release|Any CPU.ActiveCfg = Release|Any CPU
		{E615E52F-F422-4F2F-9A7A-8C62DE908106}.Release|Any CPU.Build.0 = Release|Any CPU
		{E615E52F-F422-4F2F-9A7A-8C62DE908106}.Release|x86.ActiveCfg = Release|Any CPU
		{E615E52F-F422-4F2F-9A7A-8C62DE908106}.Release|x86.Build.0 = Release|Any CPU
		{F0E5495C-95E3-42F3-9553-43E6B492DA90}.Debug|Any CPU.ActiveCfg = Debug|Any CPU
		{F0E5495C-95E3-42F3-9553-43E6B492DA90}.Debug|Any CPU.Build.0 = Debug|Any CPU
		{F0E5495C-95E3-42F3-9553-43E6B492DA90}.Debug|x86.ActiveCfg = Debug|x86
		{F0E5495C-95E3-42F3-9553-43E6B492DA90}.Debug|x86.Build.0 = Debug|x86
		{F0E5495C-95E3-42F3-9553-43E6B492DA90}.Release|Any CPU.ActiveCfg = Release|Any CPU
		{F0E5495C-95E3-42F3-9553-43E6B492DA90}.Release|Any CPU.Build.0 = Release|Any CPU
		{F0E5495C-95E3-42F3-9553-43E6B492DA90}.Release|x86.ActiveCfg = Release|x86
		{F0E5495C-95E3-42F3-9553-43E6B492DA90}.Release|x86.Build.0 = Release|x86
		{661C3E1B-23FE-4994-8A8E-DF24178471B2}.Debug|Any CPU.ActiveCfg = Debug|Any CPU
		{661C3E1B-23FE-4994-8A8E-DF24178471B2}.Debug|Any CPU.Build.0 = Debug|Any CPU
		{661C3E1B-23FE-4994-8A8E-DF24178471B2}.Debug|x86.ActiveCfg = Debug|Any CPU
		{661C3E1B-23FE-4994-8A8E-DF24178471B2}.Debug|x86.Build.0 = Debug|Any CPU
		{661C3E1B-23FE-4994-8A8E-DF24178471B2}.Release|Any CPU.ActiveCfg = Release|Any CPU
		{661C3E1B-23FE-4994-8A8E-DF24178471B2}.Release|Any CPU.Build.0 = Release|Any CPU
		{661C3E1B-23FE-4994-8A8E-DF24178471B2}.Release|x86.ActiveCfg = Release|Any CPU
		{661C3E1B-23FE-4994-8A8E-DF24178471B2}.Release|x86.Build.0 = Release|Any CPU
		{9A550133-A01E-466E-84D7-E7DE5BEF8D4F}.Debug|Any CPU.ActiveCfg = Debug|Any CPU
		{9A550133-A01E-466E-84D7-E7DE5BEF8D4F}.Debug|Any CPU.Build.0 = Debug|Any CPU
		{9A550133-A01E-466E-84D7-E7DE5BEF8D4F}.Debug|x86.ActiveCfg = Debug|Any CPU
		{9A550133-A01E-466E-84D7-E7DE5BEF8D4F}.Debug|x86.Build.0 = Debug|Any CPU
		{9A550133-A01E-466E-84D7-E7DE5BEF8D4F}.Release|Any CPU.ActiveCfg = Release|Any CPU
		{9A550133-A01E-466E-84D7-E7DE5BEF8D4F}.Release|Any CPU.Build.0 = Release|Any CPU
		{9A550133-A01E-466E-84D7-E7DE5BEF8D4F}.Release|x86.ActiveCfg = Release|Any CPU
		{9A550133-A01E-466E-84D7-E7DE5BEF8D4F}.Release|x86.Build.0 = Release|Any CPU
		{0304C62C-2598-4FF9-B674-4F5E21543BA4}.Debug|Any CPU.ActiveCfg = Debug|Any CPU
		{0304C62C-2598-4FF9-B674-4F5E21543BA4}.Debug|Any CPU.Build.0 = Debug|Any CPU
		{0304C62C-2598-4FF9-B674-4F5E21543BA4}.Debug|x86.ActiveCfg = Debug|Any CPU
		{0304C62C-2598-4FF9-B674-4F5E21543BA4}.Debug|x86.Build.0 = Debug|Any CPU
		{0304C62C-2598-4FF9-B674-4F5E21543BA4}.Release|Any CPU.ActiveCfg = Release|Any CPU
		{0304C62C-2598-4FF9-B674-4F5E21543BA4}.Release|Any CPU.Build.0 = Release|Any CPU
		{0304C62C-2598-4FF9-B674-4F5E21543BA4}.Release|x86.ActiveCfg = Release|Any CPU
		{0304C62C-2598-4FF9-B674-4F5E21543BA4}.Release|x86.Build.0 = Release|Any CPU
		{BDE75C50-D83E-431B-A0AE-AD02B5579221}.Debug|Any CPU.ActiveCfg = Debug|Any CPU
		{BDE75C50-D83E-431B-A0AE-AD02B5579221}.Debug|Any CPU.Build.0 = Debug|Any CPU
		{BDE75C50-D83E-431B-A0AE-AD02B5579221}.Debug|x86.ActiveCfg = Debug|Any CPU
		{BDE75C50-D83E-431B-A0AE-AD02B5579221}.Debug|x86.Build.0 = Debug|Any CPU
		{BDE75C50-D83E-431B-A0AE-AD02B5579221}.Release|Any CPU.ActiveCfg = Release|Any CPU
		{BDE75C50-D83E-431B-A0AE-AD02B5579221}.Release|Any CPU.Build.0 = Release|Any CPU
		{BDE75C50-D83E-431B-A0AE-AD02B5579221}.Release|x86.ActiveCfg = Release|Any CPU
		{BDE75C50-D83E-431B-A0AE-AD02B5579221}.Release|x86.Build.0 = Release|Any CPU
		{9BE457F1-327B-4EA3-B1BF-D6D78CF2CF15}.Debug|Any CPU.ActiveCfg = Debug|Any CPU
		{9BE457F1-327B-4EA3-B1BF-D6D78CF2CF15}.Debug|Any CPU.Build.0 = Debug|Any CPU
		{9BE457F1-327B-4EA3-B1BF-D6D78CF2CF15}.Debug|x86.ActiveCfg = Debug|Any CPU
		{9BE457F1-327B-4EA3-B1BF-D6D78CF2CF15}.Debug|x86.Build.0 = Debug|Any CPU
		{9BE457F1-327B-4EA3-B1BF-D6D78CF2CF15}.Release|Any CPU.ActiveCfg = Release|Any CPU
		{9BE457F1-327B-4EA3-B1BF-D6D78CF2CF15}.Release|Any CPU.Build.0 = Release|Any CPU
		{9BE457F1-327B-4EA3-B1BF-D6D78CF2CF15}.Release|x86.ActiveCfg = Release|Any CPU
		{9BE457F1-327B-4EA3-B1BF-D6D78CF2CF15}.Release|x86.Build.0 = Release|Any CPU
		{F1ED3589-3BF6-4D12-BE82-08840134003B}.Debug|Any CPU.ActiveCfg = Debug|Any CPU
		{F1ED3589-3BF6-4D12-BE82-08840134003B}.Debug|Any CPU.Build.0 = Debug|Any CPU
		{F1ED3589-3BF6-4D12-BE82-08840134003B}.Debug|x86.ActiveCfg = Debug|Any CPU
		{F1ED3589-3BF6-4D12-BE82-08840134003B}.Debug|x86.Build.0 = Debug|Any CPU
		{F1ED3589-3BF6-4D12-BE82-08840134003B}.Release|Any CPU.ActiveCfg = Release|Any CPU
		{F1ED3589-3BF6-4D12-BE82-08840134003B}.Release|Any CPU.Build.0 = Release|Any CPU
		{F1ED3589-3BF6-4D12-BE82-08840134003B}.Release|x86.ActiveCfg = Release|Any CPU
		{F1ED3589-3BF6-4D12-BE82-08840134003B}.Release|x86.Build.0 = Release|Any CPU
		{9C550FF0-A18A-4882-8FFC-13AA9E6D6A25}.Debug|Any CPU.ActiveCfg = Debug|Any CPU
		{9C550FF0-A18A-4882-8FFC-13AA9E6D6A25}.Debug|Any CPU.Build.0 = Debug|Any CPU
		{9C550FF0-A18A-4882-8FFC-13AA9E6D6A25}.Debug|x86.ActiveCfg = Debug|Any CPU
		{9C550FF0-A18A-4882-8FFC-13AA9E6D6A25}.Debug|x86.Build.0 = Debug|Any CPU
		{9C550FF0-A18A-4882-8FFC-13AA9E6D6A25}.Release|Any CPU.ActiveCfg = Release|Any CPU
		{9C550FF0-A18A-4882-8FFC-13AA9E6D6A25}.Release|Any CPU.Build.0 = Release|Any CPU
		{9C550FF0-A18A-4882-8FFC-13AA9E6D6A25}.Release|x86.ActiveCfg = Release|Any CPU
		{9C550FF0-A18A-4882-8FFC-13AA9E6D6A25}.Release|x86.Build.0 = Release|Any CPU
		{C260A511-CF99-4819-8E0E-E3236866C9BF}.Debug|Any CPU.ActiveCfg = Debug|Any CPU
		{C260A511-CF99-4819-8E0E-E3236866C9BF}.Debug|Any CPU.Build.0 = Debug|Any CPU
		{C260A511-CF99-4819-8E0E-E3236866C9BF}.Debug|x86.ActiveCfg = Debug|Any CPU
		{C260A511-CF99-4819-8E0E-E3236866C9BF}.Debug|x86.Build.0 = Debug|Any CPU
		{C260A511-CF99-4819-8E0E-E3236866C9BF}.Release|Any CPU.ActiveCfg = Release|Any CPU
		{C260A511-CF99-4819-8E0E-E3236866C9BF}.Release|Any CPU.Build.0 = Release|Any CPU
		{C260A511-CF99-4819-8E0E-E3236866C9BF}.Release|x86.ActiveCfg = Release|Any CPU
		{C260A511-CF99-4819-8E0E-E3236866C9BF}.Release|x86.Build.0 = Release|Any CPU
		{C6428F6E-0D14-4243-8ABB-316674C40041}.Debug|Any CPU.ActiveCfg = Debug|Any CPU
		{C6428F6E-0D14-4243-8ABB-316674C40041}.Debug|Any CPU.Build.0 = Debug|Any CPU
		{C6428F6E-0D14-4243-8ABB-316674C40041}.Debug|x86.ActiveCfg = Debug|Any CPU
		{C6428F6E-0D14-4243-8ABB-316674C40041}.Debug|x86.Build.0 = Debug|Any CPU
		{C6428F6E-0D14-4243-8ABB-316674C40041}.Release|Any CPU.ActiveCfg = Release|Any CPU
		{C6428F6E-0D14-4243-8ABB-316674C40041}.Release|Any CPU.Build.0 = Release|Any CPU
		{C6428F6E-0D14-4243-8ABB-316674C40041}.Release|x86.ActiveCfg = Release|Any CPU
		{C6428F6E-0D14-4243-8ABB-316674C40041}.Release|x86.Build.0 = Release|Any CPU
		{DBE84E81-0393-4866-8A41-21E62CEC1226}.Debug|Any CPU.ActiveCfg = Debug|Any CPU
		{DBE84E81-0393-4866-8A41-21E62CEC1226}.Debug|Any CPU.Build.0 = Debug|Any CPU
		{DBE84E81-0393-4866-8A41-21E62CEC1226}.Debug|x86.ActiveCfg = Debug|Any CPU
		{DBE84E81-0393-4866-8A41-21E62CEC1226}.Debug|x86.Build.0 = Debug|Any CPU
		{DBE84E81-0393-4866-8A41-21E62CEC1226}.Release|Any CPU.ActiveCfg = Release|Any CPU
		{DBE84E81-0393-4866-8A41-21E62CEC1226}.Release|Any CPU.Build.0 = Release|Any CPU
		{DBE84E81-0393-4866-8A41-21E62CEC1226}.Release|x86.ActiveCfg = Release|Any CPU
		{DBE84E81-0393-4866-8A41-21E62CEC1226}.Release|x86.Build.0 = Release|Any CPU
		{23DF4F2F-0CF1-4992-BF70-385F173E7519}.Debug|Any CPU.ActiveCfg = Debug|Any CPU
		{23DF4F2F-0CF1-4992-BF70-385F173E7519}.Debug|Any CPU.Build.0 = Debug|Any CPU
		{23DF4F2F-0CF1-4992-BF70-385F173E7519}.Debug|x86.ActiveCfg = Debug|Any CPU
		{23DF4F2F-0CF1-4992-BF70-385F173E7519}.Debug|x86.Build.0 = Debug|Any CPU
		{23DF4F2F-0CF1-4992-BF70-385F173E7519}.Release|Any CPU.ActiveCfg = Release|Any CPU
		{23DF4F2F-0CF1-4992-BF70-385F173E7519}.Release|Any CPU.Build.0 = Release|Any CPU
		{23DF4F2F-0CF1-4992-BF70-385F173E7519}.Release|x86.ActiveCfg = Release|Any CPU
		{23DF4F2F-0CF1-4992-BF70-385F173E7519}.Release|x86.Build.0 = Release|Any CPU
		{180B25EE-96A7-436A-8FA1-3E99DDDD5B26}.Debug|Any CPU.ActiveCfg = Debug|Any CPU
		{180B25EE-96A7-436A-8FA1-3E99DDDD5B26}.Debug|Any CPU.Build.0 = Debug|Any CPU
		{180B25EE-96A7-436A-8FA1-3E99DDDD5B26}.Debug|x86.ActiveCfg = Debug|Any CPU
		{180B25EE-96A7-436A-8FA1-3E99DDDD5B26}.Debug|x86.Build.0 = Debug|Any CPU
		{180B25EE-96A7-436A-8FA1-3E99DDDD5B26}.Release|Any CPU.ActiveCfg = Release|Any CPU
		{180B25EE-96A7-436A-8FA1-3E99DDDD5B26}.Release|Any CPU.Build.0 = Release|Any CPU
		{180B25EE-96A7-436A-8FA1-3E99DDDD5B26}.Release|x86.ActiveCfg = Release|Any CPU
		{180B25EE-96A7-436A-8FA1-3E99DDDD5B26}.Release|x86.Build.0 = Release|Any CPU
		{62530609-453B-4789-8628-DE84D57C22A9}.Debug|Any CPU.ActiveCfg = Debug|Any CPU
		{62530609-453B-4789-8628-DE84D57C22A9}.Debug|Any CPU.Build.0 = Debug|Any CPU
		{62530609-453B-4789-8628-DE84D57C22A9}.Debug|x86.ActiveCfg = Debug|Any CPU
		{62530609-453B-4789-8628-DE84D57C22A9}.Debug|x86.Build.0 = Debug|Any CPU
		{62530609-453B-4789-8628-DE84D57C22A9}.Release|Any CPU.ActiveCfg = Release|Any CPU
		{62530609-453B-4789-8628-DE84D57C22A9}.Release|Any CPU.Build.0 = Release|Any CPU
		{62530609-453B-4789-8628-DE84D57C22A9}.Release|x86.ActiveCfg = Release|Any CPU
		{62530609-453B-4789-8628-DE84D57C22A9}.Release|x86.Build.0 = Release|Any CPU
		{37357CF8-0EF9-44F3-B663-3659DD6ABD96}.Debug|Any CPU.ActiveCfg = Debug|Any CPU
		{37357CF8-0EF9-44F3-B663-3659DD6ABD96}.Debug|Any CPU.Build.0 = Debug|Any CPU
		{37357CF8-0EF9-44F3-B663-3659DD6ABD96}.Debug|x86.ActiveCfg = Debug|Any CPU
		{37357CF8-0EF9-44F3-B663-3659DD6ABD96}.Debug|x86.Build.0 = Debug|Any CPU
		{37357CF8-0EF9-44F3-B663-3659DD6ABD96}.Release|Any CPU.ActiveCfg = Release|Any CPU
		{37357CF8-0EF9-44F3-B663-3659DD6ABD96}.Release|Any CPU.Build.0 = Release|Any CPU
		{37357CF8-0EF9-44F3-B663-3659DD6ABD96}.Release|x86.ActiveCfg = Release|Any CPU
		{37357CF8-0EF9-44F3-B663-3659DD6ABD96}.Release|x86.Build.0 = Release|Any CPU
		{D4861AD0-0037-4C40-A076-B1C7FBD91403}.Debug|Any CPU.ActiveCfg = Debug|Any CPU
		{D4861AD0-0037-4C40-A076-B1C7FBD91403}.Debug|Any CPU.Build.0 = Debug|Any CPU
		{D4861AD0-0037-4C40-A076-B1C7FBD91403}.Debug|x86.ActiveCfg = Debug|Any CPU
		{D4861AD0-0037-4C40-A076-B1C7FBD91403}.Debug|x86.Build.0 = Debug|Any CPU
		{D4861AD0-0037-4C40-A076-B1C7FBD91403}.Release|Any CPU.ActiveCfg = Release|Any CPU
		{D4861AD0-0037-4C40-A076-B1C7FBD91403}.Release|Any CPU.Build.0 = Release|Any CPU
		{D4861AD0-0037-4C40-A076-B1C7FBD91403}.Release|x86.ActiveCfg = Release|Any CPU
		{D4861AD0-0037-4C40-A076-B1C7FBD91403}.Release|x86.Build.0 = Release|Any CPU
		{43D95A3A-CEC7-4E0D-83CF-DC5E3BA42078}.Debug|Any CPU.ActiveCfg = Debug|Any CPU
		{43D95A3A-CEC7-4E0D-83CF-DC5E3BA42078}.Debug|Any CPU.Build.0 = Debug|Any CPU
		{43D95A3A-CEC7-4E0D-83CF-DC5E3BA42078}.Debug|x86.ActiveCfg = Debug|Any CPU
		{43D95A3A-CEC7-4E0D-83CF-DC5E3BA42078}.Debug|x86.Build.0 = Debug|Any CPU
		{43D95A3A-CEC7-4E0D-83CF-DC5E3BA42078}.Release|Any CPU.ActiveCfg = Release|Any CPU
		{43D95A3A-CEC7-4E0D-83CF-DC5E3BA42078}.Release|Any CPU.Build.0 = Release|Any CPU
		{43D95A3A-CEC7-4E0D-83CF-DC5E3BA42078}.Release|x86.ActiveCfg = Release|Any CPU
		{43D95A3A-CEC7-4E0D-83CF-DC5E3BA42078}.Release|x86.Build.0 = Release|Any CPU
		{38DBFDDC-1454-41D4-94DF-213A8C0CB4C5}.Debug|Any CPU.ActiveCfg = Debug|Any CPU
		{38DBFDDC-1454-41D4-94DF-213A8C0CB4C5}.Debug|Any CPU.Build.0 = Debug|Any CPU
		{38DBFDDC-1454-41D4-94DF-213A8C0CB4C5}.Debug|x86.ActiveCfg = Debug|Any CPU
		{38DBFDDC-1454-41D4-94DF-213A8C0CB4C5}.Debug|x86.Build.0 = Debug|Any CPU
		{38DBFDDC-1454-41D4-94DF-213A8C0CB4C5}.Release|Any CPU.ActiveCfg = Release|Any CPU
		{38DBFDDC-1454-41D4-94DF-213A8C0CB4C5}.Release|Any CPU.Build.0 = Release|Any CPU
		{38DBFDDC-1454-41D4-94DF-213A8C0CB4C5}.Release|x86.ActiveCfg = Release|Any CPU
		{38DBFDDC-1454-41D4-94DF-213A8C0CB4C5}.Release|x86.Build.0 = Release|Any CPU
		{F8D5DF27-DD78-4E14-BE69-E06B9FFD5D89}.Debug|Any CPU.ActiveCfg = Debug|Any CPU
		{F8D5DF27-DD78-4E14-BE69-E06B9FFD5D89}.Debug|Any CPU.Build.0 = Debug|Any CPU
		{F8D5DF27-DD78-4E14-BE69-E06B9FFD5D89}.Debug|x86.ActiveCfg = Debug|Any CPU
		{F8D5DF27-DD78-4E14-BE69-E06B9FFD5D89}.Debug|x86.Build.0 = Debug|Any CPU
		{F8D5DF27-DD78-4E14-BE69-E06B9FFD5D89}.Release|Any CPU.ActiveCfg = Release|Any CPU
		{F8D5DF27-DD78-4E14-BE69-E06B9FFD5D89}.Release|Any CPU.Build.0 = Release|Any CPU
		{F8D5DF27-DD78-4E14-BE69-E06B9FFD5D89}.Release|x86.ActiveCfg = Release|Any CPU
		{F8D5DF27-DD78-4E14-BE69-E06B9FFD5D89}.Release|x86.Build.0 = Release|Any CPU
		{A6346AB7-1F27-4FDE-A3C5-BC1D9DFC5A9E}.Debug|Any CPU.ActiveCfg = Debug|Any CPU
		{A6346AB7-1F27-4FDE-A3C5-BC1D9DFC5A9E}.Debug|Any CPU.Build.0 = Debug|Any CPU
		{A6346AB7-1F27-4FDE-A3C5-BC1D9DFC5A9E}.Debug|x86.ActiveCfg = Debug|Any CPU
		{A6346AB7-1F27-4FDE-A3C5-BC1D9DFC5A9E}.Debug|x86.Build.0 = Debug|Any CPU
		{A6346AB7-1F27-4FDE-A3C5-BC1D9DFC5A9E}.Release|Any CPU.ActiveCfg = Release|Any CPU
		{A6346AB7-1F27-4FDE-A3C5-BC1D9DFC5A9E}.Release|Any CPU.Build.0 = Release|Any CPU
		{A6346AB7-1F27-4FDE-A3C5-BC1D9DFC5A9E}.Release|x86.ActiveCfg = Release|Any CPU
		{A6346AB7-1F27-4FDE-A3C5-BC1D9DFC5A9E}.Release|x86.Build.0 = Release|Any CPU
	EndGlobalSection
	GlobalSection(SolutionProperties) = preSolution
		HideSolutionNode = FALSE
	EndGlobalSection
	GlobalSection(NestedProjects) = preSolution
		{A5788DF9-2FA5-42A5-B6F0-23FC4D48924B} = {D792BEE2-6C99-4CF3-9A60-007E77CA56C1}
		{2D418CC0-D5C5-4456-B30E-D81A7269A5FB} = {D792BEE2-6C99-4CF3-9A60-007E77CA56C1}
		{ED764AC4-F155-4B24-9D59-9D62CFFA96C0} = {D792BEE2-6C99-4CF3-9A60-007E77CA56C1}
		{C9ED96E1-5C5F-4CF1-A4E6-32CD7BD0624A} = {D792BEE2-6C99-4CF3-9A60-007E77CA56C1}
		{D591D790-1907-4172-8EFA-176C35D7D5A5} = {D792BEE2-6C99-4CF3-9A60-007E77CA56C1}
		{D4B53554-8B6A-4CF9-B8C1-39C9F5508AE0} = {D792BEE2-6C99-4CF3-9A60-007E77CA56C1}
		{FA30644E-E172-4F78-9C36-0B7632015D9E} = {D792BEE2-6C99-4CF3-9A60-007E77CA56C1}
		{AEEFED42-A5B5-43BD-8F72-41D91B122ED9} = {D792BEE2-6C99-4CF3-9A60-007E77CA56C1}
		{22C0DDD5-A661-414F-8AAC-703D1BCD33C1} = {D792BEE2-6C99-4CF3-9A60-007E77CA56C1}
		{35AC4D25-E390-4EF8-88E9-5F0F86A8912B} = {D792BEE2-6C99-4CF3-9A60-007E77CA56C1}
		{EF5B14DB-62C0-4FB3-841B-BD51BE079CA6} = {D792BEE2-6C99-4CF3-9A60-007E77CA56C1}
		{9274F86F-419A-4196-BA65-6B3221F13796} = {D792BEE2-6C99-4CF3-9A60-007E77CA56C1}
		{2AEC885D-3A7A-447D-B2A2-8EA44527D451} = {D792BEE2-6C99-4CF3-9A60-007E77CA56C1}
		{34E6E02B-74C3-4E48-926A-0F491216304E} = {D792BEE2-6C99-4CF3-9A60-007E77CA56C1}
		{DEDB7D39-F824-4EB9-8A65-4C3A2971565B} = {D792BEE2-6C99-4CF3-9A60-007E77CA56C1}
		{F893EF56-86AD-4FA0-9442-F951158BEF72} = {D792BEE2-6C99-4CF3-9A60-007E77CA56C1}
		{8AE20E43-BB2F-4FD6-A708-46A467845E59} = {D792BEE2-6C99-4CF3-9A60-007E77CA56C1}
		{80A1D3C1-4030-4638-8EBC-33F78C70C906} = {D792BEE2-6C99-4CF3-9A60-007E77CA56C1}
		{9D48AF76-189F-4E3F-A3EE-DF59D922037B} = {D792BEE2-6C99-4CF3-9A60-007E77CA56C1}
		{4D0C8911-FD98-4439-AF5E-275CABF29590} = {D792BEE2-6C99-4CF3-9A60-007E77CA56C1}
		{3031A09F-585C-4B85-876B-049EA5272414} = {D792BEE2-6C99-4CF3-9A60-007E77CA56C1}
		{D236CBFE-F605-4EB0-9B8D-98B125F080A4} = {D792BEE2-6C99-4CF3-9A60-007E77CA56C1}
		{6879C801-1124-477A-97D8-0961E6D710B2} = {D792BEE2-6C99-4CF3-9A60-007E77CA56C1}
		{333DE130-9E57-4B9E-B327-56DD30609DDB} = {D792BEE2-6C99-4CF3-9A60-007E77CA56C1}
		{75205F2D-1AD9-4700-9EAF-4113262C79EE} = {D792BEE2-6C99-4CF3-9A60-007E77CA56C1}
		{F8C1E345-4973-447D-B5BE-4A2D7C25A742} = {D792BEE2-6C99-4CF3-9A60-007E77CA56C1}
		{7C388101-D26D-44C6-8243-064AD75E706C} = {D792BEE2-6C99-4CF3-9A60-007E77CA56C1}
		{9FA9E0AD-D67E-4114-9890-5292987E2273} = {D792BEE2-6C99-4CF3-9A60-007E77CA56C1}
		{7CF00A6E-E072-42B5-85B2-AD2421934DA6} = {D792BEE2-6C99-4CF3-9A60-007E77CA56C1}
		{9A550133-A01E-466E-84D7-E7DE5BEF8D4F} = {62108926-DBB1-49F2-BB56-1212167FF86F}
		{0304C62C-2598-4FF9-B674-4F5E21543BA4} = {62108926-DBB1-49F2-BB56-1212167FF86F}
		{BDE75C50-D83E-431B-A0AE-AD02B5579221} = {62108926-DBB1-49F2-BB56-1212167FF86F}
		{9C550FF0-A18A-4882-8FFC-13AA9E6D6A25} = {D792BEE2-6C99-4CF3-9A60-007E77CA56C1}
		{C260A511-CF99-4819-8E0E-E3236866C9BF} = {62108926-DBB1-49F2-BB56-1212167FF86F}
		{D4861AD0-0037-4C40-A076-B1C7FBD91403} = {BBBDF65A-4DC2-4F84-88B6-4A33C0DBAEB4}
		{43D95A3A-CEC7-4E0D-83CF-DC5E3BA42078} = {BBBDF65A-4DC2-4F84-88B6-4A33C0DBAEB4}
		{38DBFDDC-1454-41D4-94DF-213A8C0CB4C5} = {BBBDF65A-4DC2-4F84-88B6-4A33C0DBAEB4}
		{F8D5DF27-DD78-4E14-BE69-E06B9FFD5D89} = {BBBDF65A-4DC2-4F84-88B6-4A33C0DBAEB4}
	EndGlobalSection
	GlobalSection(ExtensibilityGlobals) = postSolution
		SolutionGuid = {040BD8E5-B84C-4DFA-B082-ECAFCCFD0953}
	EndGlobalSection
EndGlobal
